
Microsoft Visual Studio Solution File, Format Version 12.00
# Visual Studio Version 17
VisualStudioVersion = 17.0.32014.148
MinimumVisualStudioVersion = 10.0.40219.1
Project("{FAE04EC0-301F-11D3-BF4B-00C04F79EFBC}") = "sistem", "sistem\sistem.csproj", "{42FACB76-54DF-44C4-88A4-33F82EEDFCF8}"
EndProject
Global
	GlobalSection(SolutionConfigurationPlatforms) = preSolution
		Debug|Any CPU = Debug|Any CPU
		Release|Any CPU = Release|Any CPU
	EndGlobalSection
	GlobalSection(ProjectConfigurationPlatforms) = postSolution
		{42FACB76-54DF-44C4-88A4-33F82EEDFCF8}.Debug|Any CPU.ActiveCfg = Debug|Any CPU
		{42FACB76-54DF-44C4-88A4-33F82EEDFCF8}.Debug|Any CPU.Build.0 = Debug|Any CPU
		{42FACB76-54DF-44C4-88A4-33F82EEDFCF8}.Release|Any CPU.ActiveCfg = Release|Any CPU
		{42FACB76-54DF-44C4-88A4-33F82EEDFCF8}.Release|Any CPU.Build.0 = Release|Any CPU
	EndGlobalSection
	GlobalSection(SolutionProperties) = preSolution
		HideSolutionNode = FALSE
	EndGlobalSection
	GlobalSection(ExtensibilityGlobals) = postSolution
		SolutionGuid = {6615B2B7-E205-4ACF-8E31-BC11177CB3DC}
	EndGlobalSection
EndGlobal
